
Microsoft Visual Studio Solution File, Format Version 12.00
# Visual Studio Version 17
VisualStudioVersion = 17.5.33502.453
MinimumVisualStudioVersion = 10.0.40219.1
Project("{00D1A9C2-B5F0-4AF3-8072-F6C62B433612}") = "PAS_Database", "PAS_Database\PAS_Database.sqlproj", "{CD11E405-7D5A-4823-B9AA-8419FE2F8B0A}"
EndProject
Global
	GlobalSection(SolutionConfigurationPlatforms) = preSolution
		Debug|Any CPU = Debug|Any CPU
		Release|Any CPU = Release|Any CPU
	EndGlobalSection
	GlobalSection(ProjectConfigurationPlatforms) = postSolution
		{CD11E405-7D5A-4823-B9AA-8419FE2F8B0A}.Debug|Any CPU.ActiveCfg = Debug|Any CPU
		{CD11E405-7D5A-4823-B9AA-8419FE2F8B0A}.Debug|Any CPU.Build.0 = Debug|Any CPU
		{CD11E405-7D5A-4823-B9AA-8419FE2F8B0A}.Debug|Any CPU.Deploy.0 = Debug|Any CPU
		{CD11E405-7D5A-4823-B9AA-8419FE2F8B0A}.Release|Any CPU.ActiveCfg = Release|Any CPU
		{CD11E405-7D5A-4823-B9AA-8419FE2F8B0A}.Release|Any CPU.Build.0 = Release|Any CPU
		{CD11E405-7D5A-4823-B9AA-8419FE2F8B0A}.Release|Any CPU.Deploy.0 = Release|Any CPU
	EndGlobalSection
	GlobalSection(SolutionProperties) = preSolution
		HideSolutionNode = FALSE
	EndGlobalSection
	GlobalSection(ExtensibilityGlobals) = postSolution
		SolutionGuid = {F5E5A7D4-A5C9-4406-B77D-A12BD9B92434}
	EndGlobalSection
EndGlobal
